
Microsoft Visual Studio Solution File, Format Version 12.00
# Visual Studio Version 17
VisualStudioVersion = 17.12.35521.163 d17.12
MinimumVisualStudioVersion = 10.0.40219.1
Project("{FAE04EC0-301F-11D3-BF4B-00C04F79EFBC}") = "Cf36", "Cf36.csproj", "{BD370E65-BC3D-4B62-9668-8A9F32B1276E}"
EndProject
Global
	GlobalSection(SolutionConfigurationPlatforms) = preSolution
		Debug|Any CPU = Debug|Any CPU
		Release|Any CPU = Release|Any CPU
	EndGlobalSection
	GlobalSection(ProjectConfigurationPlatforms) = postSolution
		{BD370E65-BC3D-4B62-9668-8A9F32B1276E}.Debug|Any CPU.ActiveCfg = Debug|Any CPU
		{BD370E65-BC3D-4B62-9668-8A9F32B1276E}.Debug|Any CPU.Build.0 = Debug|Any CPU
		{BD370E65-BC3D-4B62-9668-8A9F32B1276E}.Release|Any CPU.ActiveCfg = Release|Any CPU
		{BD370E65-BC3D-4B62-9668-8A9F32B1276E}.Release|Any CPU.Build.0 = Release|Any CPU
	EndGlobalSection
	GlobalSection(SolutionProperties) = preSolution
		HideSolutionNode = FALSE
	EndGlobalSection
EndGlobal
